// !$*UTF8*$!
{
	archiveVersion = 1;
	classes = {
	};
	objectVersion = 46;
	objects = {

/* Begin PBXBuildFile section */
		7700D0D918AF1DB60017003A /* Foundation.framework in Frameworks */ = {isa = PBXBuildFile; fileRef = 7700D0D818AF1DB60017003A /* Foundation.framework */; };
		7700D0DB18AF1DB60017003A /* CoreGraphics.framework in Frameworks */ = {isa = PBXBuildFile; fileRef = 7700D0DA18AF1DB60017003A /* CoreGraphics.framework */; };
		7700D0DD18AF1DB60017003A /* UIKit.framework in Frameworks */ = {isa = PBXBuildFile; fileRef = 7700D0DC18AF1DB60017003A /* UIKit.framework */; };
		7700D0E318AF1DB60017003A /* InfoPlist.strings in Resources */ = {isa = PBXBuildFile; fileRef = 7700D0E118AF1DB60017003A /* InfoPlist.strings */; };
		7700D0E518AF1DB60017003A /* main.m in Sources */ = {isa = PBXBuildFile; fileRef = 7700D0E418AF1DB60017003A /* main.m */; };
		7700D0E918AF1DB60017003A /* AppDelegate.m in Sources */ = {isa = PBXBuildFile; fileRef = 7700D0E818AF1DB60017003A /* AppDelegate.m */; };
		7700D0EC18AF1DB60017003A /* Main.storyboard in Resources */ = {isa = PBXBuildFile; fileRef = 7700D0EA18AF1DB60017003A /* Main.storyboard */; };
		7700D0EF18AF1DB60017003A /* ViewController.m in Sources */ = {isa = PBXBuildFile; fileRef = 7700D0EE18AF1DB60017003A /* ViewController.m */; };
		7700D0F118AF1DB60017003A /* Images.xcassets in Resources */ = {isa = PBXBuildFile; fileRef = 7700D0F018AF1DB60017003A /* Images.xcassets */; };
		7700D0F818AF1DB60017003A /* XCTest.framework in Frameworks */ = {isa = PBXBuildFile; fileRef = 7700D0F718AF1DB60017003A /* XCTest.framework */; };
		7700D0F918AF1DB60017003A /* Foundation.framework in Frameworks */ = {isa = PBXBuildFile; fileRef = 7700D0D818AF1DB60017003A /* Foundation.framework */; };
		7700D0FA18AF1DB60017003A /* UIKit.framework in Frameworks */ = {isa = PBXBuildFile; fileRef = 7700D0DC18AF1DB60017003A /* UIKit.framework */; };
		7700D10218AF1DB60017003A /* InfoPlist.strings in Resources */ = {isa = PBXBuildFile; fileRef = 7700D10018AF1DB60017003A /* InfoPlist.strings */; };
		7700D10418AF1DB60017003A /* IOSGraphTests.m in Sources */ = {isa = PBXBuildFile; fileRef = 7700D10318AF1DB60017003A /* IOSGraphTests.m */; };
		7700D10F18AF49700017003A /* ScatterPlotViewController.m in Sources */ = {isa = PBXBuildFile; fileRef = 7700D10E18AF49700017003A /* ScatterPlotViewController.m */; };
		7700D16318AF4CA00017003A /* QuartzCore.framework in Frameworks */ = {isa = PBXBuildFile; fileRef = 7700D16218AF4CA00017003A /* QuartzCore.framework */; };
		7700D1B718AF4E610017003A /* libCorePlot-CocoaTouch.a in Frameworks */ = {isa = PBXBuildFile; fileRef = 7700D1B618AF4E610017003A /* libCorePlot-CocoaTouch.a */; };
		7700D1BE18B076360017003A /* Graph.m in Sources */ = {isa = PBXBuildFile; fileRef = 7700D1BD18B076360017003A /* Graph.m */; };
		7700D1C118B0B1160017003A /* LineScatter.m in Sources */ = {isa = PBXBuildFile; fileRef = 7700D1C018B0B1160017003A /* LineScatter.m */; };
		77DE32EA18C43444002D07B7 /* PieChart.m in Sources */ = {isa = PBXBuildFile; fileRef = 77DE32E918C43444002D07B7 /* PieChart.m */; };
/* End PBXBuildFile section */

/* Begin PBXContainerItemProxy section */
		7700D0FB18AF1DB60017003A /* PBXContainerItemProxy */ = {
			isa = PBXContainerItemProxy;
			containerPortal = 7700D0CD18AF1DB50017003A /* Project object */;
			proxyType = 1;
			remoteGlobalIDString = 7700D0D418AF1DB50017003A;
			remoteInfo = IOSGraph;
		};
/* End PBXContainerItemProxy section */

/* Begin PBXFileReference section */
		7700D0D518AF1DB50017003A /* IOSGraph.app */ = {isa = PBXFileReference; explicitFileType = wrapper.application; includeInIndex = 0; path = IOSGraph.app; sourceTree = BUILT_PRODUCTS_DIR; };
		7700D0D818AF1DB60017003A /* Foundation.framework */ = {isa = PBXFileReference; lastKnownFileType = wrapper.framework; name = Foundation.framework; path = System/Library/Frameworks/Foundation.framework; sourceTree = SDKROOT; };
		7700D0DA18AF1DB60017003A /* CoreGraphics.framework */ = {isa = PBXFileReference; lastKnownFileType = wrapper.framework; name = CoreGraphics.framework; path = System/Library/Frameworks/CoreGraphics.framework; sourceTree = SDKROOT; };
		7700D0DC18AF1DB60017003A /* UIKit.framework */ = {isa = PBXFileReference; lastKnownFileType = wrapper.framework; name = UIKit.framework; path = System/Library/Frameworks/UIKit.framework; sourceTree = SDKROOT; };
		7700D0E018AF1DB60017003A /* IOSGraph-Info.plist */ = {isa = PBXFileReference; lastKnownFileType = text.plist.xml; path = "IOSGraph-Info.plist"; sourceTree = "<group>"; };
		7700D0E218AF1DB60017003A /* en */ = {isa = PBXFileReference; lastKnownFileType = text.plist.strings; name = en; path = en.lproj/InfoPlist.strings; sourceTree = "<group>"; };
		7700D0E418AF1DB60017003A /* main.m */ = {isa = PBXFileReference; lastKnownFileType = sourcecode.c.objc; path = main.m; sourceTree = "<group>"; };
		7700D0E618AF1DB60017003A /* IOSGraph-Prefix.pch */ = {isa = PBXFileReference; lastKnownFileType = sourcecode.c.h; path = "IOSGraph-Prefix.pch"; sourceTree = "<group>"; };
		7700D0E718AF1DB60017003A /* AppDelegate.h */ = {isa = PBXFileReference; lastKnownFileType = sourcecode.c.h; path = AppDelegate.h; sourceTree = "<group>"; };
		7700D0E818AF1DB60017003A /* AppDelegate.m */ = {isa = PBXFileReference; lastKnownFileType = sourcecode.c.objc; path = AppDelegate.m; sourceTree = "<group>"; };
		7700D0EB18AF1DB60017003A /* Base */ = {isa = PBXFileReference; lastKnownFileType = file.storyboard; name = Base; path = Base.lproj/Main.storyboard; sourceTree = "<group>"; };
		7700D0ED18AF1DB60017003A /* ViewController.h */ = {isa = PBXFileReference; lastKnownFileType = sourcecode.c.h; path = ViewController.h; sourceTree = "<group>"; };
		7700D0EE18AF1DB60017003A /* ViewController.m */ = {isa = PBXFileReference; lastKnownFileType = sourcecode.c.objc; path = ViewController.m; sourceTree = "<group>"; };
		7700D0F018AF1DB60017003A /* Images.xcassets */ = {isa = PBXFileReference; lastKnownFileType = folder.assetcatalog; path = Images.xcassets; sourceTree = "<group>"; };
		7700D0F618AF1DB60017003A /* IOSGraphTests.xctest */ = {isa = PBXFileReference; explicitFileType = wrapper.cfbundle; includeInIndex = 0; path = IOSGraphTests.xctest; sourceTree = BUILT_PRODUCTS_DIR; };
		7700D0F718AF1DB60017003A /* XCTest.framework */ = {isa = PBXFileReference; lastKnownFileType = wrapper.framework; name = XCTest.framework; path = Library/Frameworks/XCTest.framework; sourceTree = DEVELOPER_DIR; };
		7700D0FF18AF1DB60017003A /* IOSGraphTests-Info.plist */ = {isa = PBXFileReference; lastKnownFileType = text.plist.xml; path = "IOSGraphTests-Info.plist"; sourceTree = "<group>"; };
		7700D10118AF1DB60017003A /* en */ = {isa = PBXFileReference; lastKnownFileType = text.plist.strings; name = en; path = en.lproj/InfoPlist.strings; sourceTree = "<group>"; };
		7700D10318AF1DB60017003A /* IOSGraphTests.m */ = {isa = PBXFileReference; lastKnownFileType = sourcecode.c.objc; path = IOSGraphTests.m; sourceTree = "<group>"; };
		7700D10D18AF49700017003A /* ScatterPlotViewController.h */ = {isa = PBXFileReference; fileEncoding = 4; lastKnownFileType = sourcecode.c.h; path = ScatterPlotViewController.h; sourceTree = "<group>"; };
		7700D10E18AF49700017003A /* ScatterPlotViewController.m */ = {isa = PBXFileReference; fileEncoding = 4; lastKnownFileType = sourcecode.c.objc; path = ScatterPlotViewController.m; sourceTree = "<group>"; };
		7700D16218AF4CA00017003A /* QuartzCore.framework */ = {isa = PBXFileReference; lastKnownFileType = wrapper.framework; name = QuartzCore.framework; path = System/Library/Frameworks/QuartzCore.framework; sourceTree = SDKROOT; };
		7700D16818AF4E610017003A /* CorePlot-CocoaTouch.h */ = {isa = PBXFileReference; fileEncoding = 4; lastKnownFileType = sourcecode.c.h; path = "CorePlot-CocoaTouch.h"; sourceTree = "<group>"; };
		7700D16918AF4E610017003A /* CPTAnimation.h */ = {isa = PBXFileReference; fileEncoding = 4; lastKnownFileType = sourcecode.c.h; path = CPTAnimation.h; sourceTree = "<group>"; };
		7700D16A18AF4E610017003A /* CPTAnimationOperation.h */ = {isa = PBXFileReference; fileEncoding = 4; lastKnownFileType = sourcecode.c.h; path = CPTAnimationOperation.h; sourceTree = "<group>"; };
		7700D16B18AF4E610017003A /* CPTAnimationPeriod.h */ = {isa = PBXFileReference; fileEncoding = 4; lastKnownFileType = sourcecode.c.h; path = CPTAnimationPeriod.h; sourceTree = "<group>"; };
		7700D16C18AF4E610017003A /* CPTAnnotation.h */ = {isa = PBXFileReference; fileEncoding = 4; lastKnownFileType = sourcecode.c.h; path = CPTAnnotation.h; sourceTree = "<group>"; };
		7700D16D18AF4E610017003A /* CPTAnnotationHostLayer.h */ = {isa = PBXFileReference; fileEncoding = 4; lastKnownFileType = sourcecode.c.h; path = CPTAnnotationHostLayer.h; sourceTree = "<group>"; };
		7700D16E18AF4E610017003A /* CPTAxis.h */ = {isa = PBXFileReference; fileEncoding = 4; lastKnownFileType = sourcecode.c.h; path = CPTAxis.h; sourceTree = "<group>"; };
		7700D16F18AF4E610017003A /* CPTAxisLabel.h */ = {isa = PBXFileReference; fileEncoding = 4; lastKnownFileType = sourcecode.c.h; path = CPTAxisLabel.h; sourceTree = "<group>"; };
		7700D17018AF4E610017003A /* CPTAxisLabelGroup.h */ = {isa = PBXFileReference; fileEncoding = 4; lastKnownFileType = sourcecode.c.h; path = CPTAxisLabelGroup.h; sourceTree = "<group>"; };
		7700D17118AF4E610017003A /* CPTAxisSet.h */ = {isa = PBXFileReference; fileEncoding = 4; lastKnownFileType = sourcecode.c.h; path = CPTAxisSet.h; sourceTree = "<group>"; };
		7700D17218AF4E610017003A /* CPTAxisTitle.h */ = {isa = PBXFileReference; fileEncoding = 4; lastKnownFileType = sourcecode.c.h; path = CPTAxisTitle.h; sourceTree = "<group>"; };
		7700D17318AF4E610017003A /* CPTBarPlot.h */ = {isa = PBXFileReference; fileEncoding = 4; lastKnownFileType = sourcecode.c.h; path = CPTBarPlot.h; sourceTree = "<group>"; };
		7700D17418AF4E610017003A /* CPTBorderedLayer.h */ = {isa = PBXFileReference; fileEncoding = 4; lastKnownFileType = sourcecode.c.h; path = CPTBorderedLayer.h; sourceTree = "<group>"; };
		7700D17518AF4E610017003A /* CPTCalendarFormatter.h */ = {isa = PBXFileReference; fileEncoding = 4; lastKnownFileType = sourcecode.c.h; path = CPTCalendarFormatter.h; sourceTree = "<group>"; };
		7700D17618AF4E610017003A /* CPTColor.h */ = {isa = PBXFileReference; fileEncoding = 4; lastKnownFileType = sourcecode.c.h; path = CPTColor.h; sourceTree = "<group>"; };
		7700D17718AF4E610017003A /* CPTColorSpace.h */ = {isa = PBXFileReference; fileEncoding = 4; lastKnownFileType = sourcecode.c.h; path = CPTColorSpace.h; sourceTree = "<group>"; };
		7700D17818AF4E610017003A /* CPTConstraints.h */ = {isa = PBXFileReference; fileEncoding = 4; lastKnownFileType = sourcecode.c.h; path = CPTConstraints.h; sourceTree = "<group>"; };
		7700D17918AF4E610017003A /* CPTDataSourceTestCase.h */ = {isa = PBXFileReference; fileEncoding = 4; lastKnownFileType = sourcecode.c.h; path = CPTDataSourceTestCase.h; sourceTree = "<group>"; };
		7700D17A18AF4E610017003A /* CPTDefinitions.h */ = {isa = PBXFileReference; fileEncoding = 4; lastKnownFileType = sourcecode.c.h; path = CPTDefinitions.h; sourceTree = "<group>"; };
		7700D17B18AF4E610017003A /* CPTDerivedXYGraph.h */ = {isa = PBXFileReference; fileEncoding = 4; lastKnownFileType = sourcecode.c.h; path = CPTDerivedXYGraph.h; sourceTree = "<group>"; };
		7700D17C18AF4E610017003A /* CPTExceptions.h */ = {isa = PBXFileReference; fileEncoding = 4; lastKnownFileType = sourcecode.c.h; path = CPTExceptions.h; sourceTree = "<group>"; };
		7700D17D18AF4E610017003A /* CPTFill.h */ = {isa = PBXFileReference; fileEncoding = 4; lastKnownFileType = sourcecode.c.h; path = CPTFill.h; sourceTree = "<group>"; };
		7700D17E18AF4E610017003A /* CPTFunctionDataSource.h */ = {isa = PBXFileReference; fileEncoding = 4; lastKnownFileType = sourcecode.c.h; path = CPTFunctionDataSource.h; sourceTree = "<group>"; };
		7700D17F18AF4E610017003A /* CPTGradient.h */ = {isa = PBXFileReference; fileEncoding = 4; lastKnownFileType = sourcecode.c.h; path = CPTGradient.h; sourceTree = "<group>"; };
		7700D18018AF4E610017003A /* CPTGraph.h */ = {isa = PBXFileReference; fileEncoding = 4; lastKnownFileType = sourcecode.c.h; path = CPTGraph.h; sourceTree = "<group>"; };
		7700D18118AF4E610017003A /* CPTGraphHostingView.h */ = {isa = PBXFileReference; fileEncoding = 4; lastKnownFileType = sourcecode.c.h; path = CPTGraphHostingView.h; sourceTree = "<group>"; };
		7700D18218AF4E610017003A /* CPTGridLineGroup.h */ = {isa = PBXFileReference; fileEncoding = 4; lastKnownFileType = sourcecode.c.h; path = CPTGridLineGroup.h; sourceTree = "<group>"; };
		7700D18318AF4E610017003A /* CPTGridLines.h */ = {isa = PBXFileReference; fileEncoding = 4; lastKnownFileType = sourcecode.c.h; path = CPTGridLines.h; sourceTree = "<group>"; };
		7700D18418AF4E610017003A /* CPTImage.h */ = {isa = PBXFileReference; fileEncoding = 4; lastKnownFileType = sourcecode.c.h; path = CPTImage.h; sourceTree = "<group>"; };
		7700D18518AF4E610017003A /* CPTLayer.h */ = {isa = PBXFileReference; fileEncoding = 4; lastKnownFileType = sourcecode.c.h; path = CPTLayer.h; sourceTree = "<group>"; };
		7700D18618AF4E610017003A /* CPTLayerAnnotation.h */ = {isa = PBXFileReference; fileEncoding = 4; lastKnownFileType = sourcecode.c.h; path = CPTLayerAnnotation.h; sourceTree = "<group>"; };
		7700D18718AF4E610017003A /* CPTLegend.h */ = {isa = PBXFileReference; fileEncoding = 4; lastKnownFileType = sourcecode.c.h; path = CPTLegend.h; sourceTree = "<group>"; };
		7700D18818AF4E610017003A /* CPTLegendEntry.h */ = {isa = PBXFileReference; fileEncoding = 4; lastKnownFileType = sourcecode.c.h; path = CPTLegendEntry.h; sourceTree = "<group>"; };
		7700D18918AF4E610017003A /* CPTLimitBand.h */ = {isa = PBXFileReference; fileEncoding = 4; lastKnownFileType = sourcecode.c.h; path = CPTLimitBand.h; sourceTree = "<group>"; };
		7700D18A18AF4E610017003A /* CPTLineCap.h */ = {isa = PBXFileReference; fileEncoding = 4; lastKnownFileType = sourcecode.c.h; path = CPTLineCap.h; sourceTree = "<group>"; };
		7700D18B18AF4E610017003A /* CPTLineStyle.h */ = {isa = PBXFileReference; fileEncoding = 4; lastKnownFileType = sourcecode.c.h; path = CPTLineStyle.h; sourceTree = "<group>"; };
		7700D18C18AF4E610017003A /* CPTMutableLineStyle.h */ = {isa = PBXFileReference; fileEncoding = 4; lastKnownFileType = sourcecode.c.h; path = CPTMutableLineStyle.h; sourceTree = "<group>"; };
		7700D18D18AF4E610017003A /* CPTMutableNumericData+TypeConversion.h */ = {isa = PBXFileReference; fileEncoding = 4; lastKnownFileType = sourcecode.c.h; path = "CPTMutableNumericData+TypeConversion.h"; sourceTree = "<group>"; };
		7700D18E18AF4E610017003A /* CPTMutableNumericData.h */ = {isa = PBXFileReference; fileEncoding = 4; lastKnownFileType = sourcecode.c.h; path = CPTMutableNumericData.h; sourceTree = "<group>"; };
		7700D18F18AF4E610017003A /* CPTMutablePlotRange.h */ = {isa = PBXFileReference; fileEncoding = 4; lastKnownFileType = sourcecode.c.h; path = CPTMutablePlotRange.h; sourceTree = "<group>"; };
		7700D19018AF4E610017003A /* CPTMutableShadow.h */ = {isa = PBXFileReference; fileEncoding = 4; lastKnownFileType = sourcecode.c.h; path = CPTMutableShadow.h; sourceTree = "<group>"; };
		7700D19118AF4E610017003A /* CPTMutableTextStyle.h */ = {isa = PBXFileReference; fileEncoding = 4; lastKnownFileType = sourcecode.c.h; path = CPTMutableTextStyle.h; sourceTree = "<group>"; };
		7700D19218AF4E610017003A /* CPTNumericData+TypeConversion.h */ = {isa = PBXFileReference; fileEncoding = 4; lastKnownFileType = sourcecode.c.h; path = "CPTNumericData+TypeConversion.h"; sourceTree = "<group>"; };
		7700D19318AF4E610017003A /* CPTNumericData.h */ = {isa = PBXFileReference; fileEncoding = 4; lastKnownFileType = sourcecode.c.h; path = CPTNumericData.h; sourceTree = "<group>"; };
		7700D19418AF4E610017003A /* CPTNumericDataType.h */ = {isa = PBXFileReference; fileEncoding = 4; lastKnownFileType = sourcecode.c.h; path = CPTNumericDataType.h; sourceTree = "<group>"; };
		7700D19518AF4E610017003A /* CPTPathExtensions.h */ = {isa = PBXFileReference; fileEncoding = 4; lastKnownFileType = sourcecode.c.h; path = CPTPathExtensions.h; sourceTree = "<group>"; };
		7700D19618AF4E610017003A /* CPTPieChart.h */ = {isa = PBXFileReference; fileEncoding = 4; lastKnownFileType = sourcecode.c.h; path = CPTPieChart.h; sourceTree = "<group>"; };
		7700D19718AF4E610017003A /* CPTPlatformSpecificCategories.h */ = {isa = PBXFileReference; fileEncoding = 4; lastKnownFileType = sourcecode.c.h; path = CPTPlatformSpecificCategories.h; sourceTree = "<group>"; };
		7700D19818AF4E610017003A /* CPTPlatformSpecificDefines.h */ = {isa = PBXFileReference; fileEncoding = 4; lastKnownFileType = sourcecode.c.h; path = CPTPlatformSpecificDefines.h; sourceTree = "<group>"; };
		7700D19918AF4E610017003A /* CPTPlatformSpecificFunctions.h */ = {isa = PBXFileReference; fileEncoding = 4; lastKnownFileType = sourcecode.c.h; path = CPTPlatformSpecificFunctions.h; sourceTree = "<group>"; };
		7700D19A18AF4E610017003A /* CPTPlot.h */ = {isa = PBXFileReference; fileEncoding = 4; lastKnownFileType = sourcecode.c.h; path = CPTPlot.h; sourceTree = "<group>"; };
		7700D19B18AF4E610017003A /* CPTPlotArea.h */ = {isa = PBXFileReference; fileEncoding = 4; lastKnownFileType = sourcecode.c.h; path = CPTPlotArea.h; sourceTree = "<group>"; };
		7700D19C18AF4E610017003A /* CPTPlotAreaFrame.h */ = {isa = PBXFileReference; fileEncoding = 4; lastKnownFileType = sourcecode.c.h; path = CPTPlotAreaFrame.h; sourceTree = "<group>"; };
		7700D19D18AF4E610017003A /* CPTPlotGroup.h */ = {isa = PBXFileReference; fileEncoding = 4; lastKnownFileType = sourcecode.c.h; path = CPTPlotGroup.h; sourceTree = "<group>"; };
		7700D19E18AF4E610017003A /* CPTPlotRange.h */ = {isa = PBXFileReference; fileEncoding = 4; lastKnownFileType = sourcecode.c.h; path = CPTPlotRange.h; sourceTree = "<group>"; };
		7700D19F18AF4E610017003A /* CPTPlotSpace.h */ = {isa = PBXFileReference; fileEncoding = 4; lastKnownFileType = sourcecode.c.h; path = CPTPlotSpace.h; sourceTree = "<group>"; };
		7700D1A018AF4E610017003A /* CPTPlotSpaceAnnotation.h */ = {isa = PBXFileReference; fileEncoding = 4; lastKnownFileType = sourcecode.c.h; path = CPTPlotSpaceAnnotation.h; sourceTree = "<group>"; };
		7700D1A118AF4E610017003A /* CPTPlotSymbol.h */ = {isa = PBXFileReference; fileEncoding = 4; lastKnownFileType = sourcecode.c.h; path = CPTPlotSymbol.h; sourceTree = "<group>"; };
		7700D1A218AF4E610017003A /* CPTRangePlot.h */ = {isa = PBXFileReference; fileEncoding = 4; lastKnownFileType = sourcecode.c.h; path = CPTRangePlot.h; sourceTree = "<group>"; };
		7700D1A318AF4E610017003A /* CPTResponder.h */ = {isa = PBXFileReference; fileEncoding = 4; lastKnownFileType = sourcecode.c.h; path = CPTResponder.h; sourceTree = "<group>"; };
		7700D1A418AF4E610017003A /* CPTScatterPlot.h */ = {isa = PBXFileReference; fileEncoding = 4; lastKnownFileType = sourcecode.c.h; path = CPTScatterPlot.h; sourceTree = "<group>"; };
		7700D1A518AF4E610017003A /* CPTShadow.h */ = {isa = PBXFileReference; fileEncoding = 4; lastKnownFileType = sourcecode.c.h; path = CPTShadow.h; sourceTree = "<group>"; };
		7700D1A618AF4E610017003A /* CPTTestCase.h */ = {isa = PBXFileReference; fileEncoding = 4; lastKnownFileType = sourcecode.c.h; path = CPTTestCase.h; sourceTree = "<group>"; };
		7700D1A718AF4E610017003A /* CPTTextLayer.h */ = {isa = PBXFileReference; fileEncoding = 4; lastKnownFileType = sourcecode.c.h; path = CPTTextLayer.h; sourceTree = "<group>"; };
		7700D1A818AF4E610017003A /* CPTTextStyle.h */ = {isa = PBXFileReference; fileEncoding = 4; lastKnownFileType = sourcecode.c.h; path = CPTTextStyle.h; sourceTree = "<group>"; };
		7700D1A918AF4E610017003A /* CPTTextStylePlatformSpecific.h */ = {isa = PBXFileReference; fileEncoding = 4; lastKnownFileType = sourcecode.c.h; path = CPTTextStylePlatformSpecific.h; sourceTree = "<group>"; };
		7700D1AA18AF4E610017003A /* CPTTheme.h */ = {isa = PBXFileReference; fileEncoding = 4; lastKnownFileType = sourcecode.c.h; path = CPTTheme.h; sourceTree = "<group>"; };
		7700D1AB18AF4E610017003A /* CPTTimeFormatter.h */ = {isa = PBXFileReference; fileEncoding = 4; lastKnownFileType = sourcecode.c.h; path = CPTTimeFormatter.h; sourceTree = "<group>"; };
		7700D1AC18AF4E610017003A /* CPTTradingRangePlot.h */ = {isa = PBXFileReference; fileEncoding = 4; lastKnownFileType = sourcecode.c.h; path = CPTTradingRangePlot.h; sourceTree = "<group>"; };
		7700D1AD18AF4E610017003A /* CPTUtilities.h */ = {isa = PBXFileReference; fileEncoding = 4; lastKnownFileType = sourcecode.c.h; path = CPTUtilities.h; sourceTree = "<group>"; };
		7700D1AE18AF4E610017003A /* CPTXYAxis.h */ = {isa = PBXFileReference; fileEncoding = 4; lastKnownFileType = sourcecode.c.h; path = CPTXYAxis.h; sourceTree = "<group>"; };
		7700D1AF18AF4E610017003A /* CPTXYAxisSet.h */ = {isa = PBXFileReference; fileEncoding = 4; lastKnownFileType = sourcecode.c.h; path = CPTXYAxisSet.h; sourceTree = "<group>"; };
		7700D1B018AF4E610017003A /* CPTXYGraph.h */ = {isa = PBXFileReference; fileEncoding = 4; lastKnownFileType = sourcecode.c.h; path = CPTXYGraph.h; sourceTree = "<group>"; };
		7700D1B118AF4E610017003A /* CPTXYPlotSpace.h */ = {isa = PBXFileReference; fileEncoding = 4; lastKnownFileType = sourcecode.c.h; path = CPTXYPlotSpace.h; sourceTree = "<group>"; };
		7700D1B218AF4E610017003A /* mainpage.h */ = {isa = PBXFileReference; fileEncoding = 4; lastKnownFileType = sourcecode.c.h; path = mainpage.h; sourceTree = "<group>"; };
		7700D1B318AF4E610017003A /* NSCoderExtensions.h */ = {isa = PBXFileReference; fileEncoding = 4; lastKnownFileType = sourcecode.c.h; path = NSCoderExtensions.h; sourceTree = "<group>"; };
		7700D1B418AF4E610017003A /* NSDecimalNumberExtensions.h */ = {isa = PBXFileReference; fileEncoding = 4; lastKnownFileType = sourcecode.c.h; path = NSDecimalNumberExtensions.h; sourceTree = "<group>"; };
		7700D1B518AF4E610017003A /* NSNumberExtensions.h */ = {isa = PBXFileReference; fileEncoding = 4; lastKnownFileType = sourcecode.c.h; path = NSNumberExtensions.h; sourceTree = "<group>"; };
		7700D1B618AF4E610017003A /* libCorePlot-CocoaTouch.a */ = {isa = PBXFileReference; lastKnownFileType = archive.ar; path = "libCorePlot-CocoaTouch.a"; sourceTree = "<group>"; };
		7700D1BC18B076360017003A /* Graph.h */ = {isa = PBXFileReference; fileEncoding = 4; lastKnownFileType = sourcecode.c.h; path = Graph.h; sourceTree = "<group>"; };
		7700D1BD18B076360017003A /* Graph.m */ = {isa = PBXFileReference; fileEncoding = 4; lastKnownFileType = sourcecode.c.objc; path = Graph.m; sourceTree = "<group>"; };
		7700D1BF18B0B1160017003A /* LineScatter.h */ = {isa = PBXFileReference; fileEncoding = 4; lastKnownFileType = sourcecode.c.h; path = LineScatter.h; sourceTree = "<group>"; };
		7700D1C018B0B1160017003A /* LineScatter.m */ = {isa = PBXFileReference; fileEncoding = 4; lastKnownFileType = sourcecode.c.objc; path = LineScatter.m; sourceTree = "<group>"; };
		77DE32E818C43444002D07B7 /* PieChart.h */ = {isa = PBXFileReference; fileEncoding = 4; lastKnownFileType = sourcecode.c.h; path = PieChart.h; sourceTree = "<group>"; };
		77DE32E918C43444002D07B7 /* PieChart.m */ = {isa = PBXFileReference; fileEncoding = 4; lastKnownFileType = sourcecode.c.objc; path = PieChart.m; sourceTree = "<group>"; };
/* End PBXFileReference section */

/* Begin PBXFrameworksBuildPhase section */
		7700D0D218AF1DB50017003A /* Frameworks */ = {
			isa = PBXFrameworksBuildPhase;
			buildActionMask = 2147483647;
			files = (
				7700D16318AF4CA00017003A /* QuartzCore.framework in Frameworks */,
				7700D0DB18AF1DB60017003A /* CoreGraphics.framework in Frameworks */,
				7700D0DD18AF1DB60017003A /* UIKit.framework in Frameworks */,
				7700D0D918AF1DB60017003A /* Foundation.framework in Frameworks */,
				7700D1B718AF4E610017003A /* libCorePlot-CocoaTouch.a in Frameworks */,
			);
			runOnlyForDeploymentPostprocessing = 0;
		};
		7700D0F318AF1DB60017003A /* Frameworks */ = {
			isa = PBXFrameworksBuildPhase;
			buildActionMask = 2147483647;
			files = (
				7700D0F818AF1DB60017003A /* XCTest.framework in Frameworks */,
				7700D0FA18AF1DB60017003A /* UIKit.framework in Frameworks */,
				7700D0F918AF1DB60017003A /* Foundation.framework in Frameworks */,
			);
			runOnlyForDeploymentPostprocessing = 0;
		};
/* End PBXFrameworksBuildPhase section */

/* Begin PBXGroup section */
		7700D0CC18AF1DB50017003A = {
			isa = PBXGroup;
			children = (
				7700D0DE18AF1DB60017003A /* IOSGraph */,
				7700D0FD18AF1DB60017003A /* IOSGraphTests */,
				7700D0D718AF1DB50017003A /* Frameworks */,
				7700D0D618AF1DB50017003A /* Products */,
			);
			sourceTree = "<group>";
		};
		7700D0D618AF1DB50017003A /* Products */ = {
			isa = PBXGroup;
			children = (
				7700D0D518AF1DB50017003A /* IOSGraph.app */,
				7700D0F618AF1DB60017003A /* IOSGraphTests.xctest */,
			);
			name = Products;
			sourceTree = "<group>";
		};
		7700D0D718AF1DB50017003A /* Frameworks */ = {
			isa = PBXGroup;
			children = (
				7700D16218AF4CA00017003A /* QuartzCore.framework */,
				7700D0D818AF1DB60017003A /* Foundation.framework */,
				7700D0DA18AF1DB60017003A /* CoreGraphics.framework */,
				7700D0DC18AF1DB60017003A /* UIKit.framework */,
				7700D0F718AF1DB60017003A /* XCTest.framework */,
			);
			name = Frameworks;
			sourceTree = "<group>";
		};
		7700D0DE18AF1DB60017003A /* IOSGraph */ = {
			isa = PBXGroup;
			children = (
				7700D16618AF4E610017003A /* iOS */,
				7700D0E718AF1DB60017003A /* AppDelegate.h */,
				7700D0E818AF1DB60017003A /* AppDelegate.m */,
				7700D0EA18AF1DB60017003A /* Main.storyboard */,
				7700D10D18AF49700017003A /* ScatterPlotViewController.h */,
				7700D10E18AF49700017003A /* ScatterPlotViewController.m */,
				7700D1BC18B076360017003A /* Graph.h */,
				7700D1BD18B076360017003A /* Graph.m */,
				7700D1BF18B0B1160017003A /* LineScatter.h */,
				7700D1C018B0B1160017003A /* LineScatter.m */,
				77DE32E818C43444002D07B7 /* PieChart.h */,
				77DE32E918C43444002D07B7 /* PieChart.m */,
				7700D0ED18AF1DB60017003A /* ViewController.h */,
				7700D0EE18AF1DB60017003A /* ViewController.m */,
				7700D0F018AF1DB60017003A /* Images.xcassets */,
				7700D0DF18AF1DB60017003A /* Supporting Files */,
			);
			path = IOSGraph;
			sourceTree = "<group>";
		};
		7700D0DF18AF1DB60017003A /* Supporting Files */ = {
			isa = PBXGroup;
			children = (
				7700D0E018AF1DB60017003A /* IOSGraph-Info.plist */,
				7700D0E118AF1DB60017003A /* InfoPlist.strings */,
				7700D0E418AF1DB60017003A /* main.m */,
				7700D0E618AF1DB60017003A /* IOSGraph-Prefix.pch */,
			);
			name = "Supporting Files";
			sourceTree = "<group>";
		};
		7700D0FD18AF1DB60017003A /* IOSGraphTests */ = {
			isa = PBXGroup;
			children = (
				7700D10318AF1DB60017003A /* IOSGraphTests.m */,
				7700D0FE18AF1DB60017003A /* Supporting Files */,
			);
			path = IOSGraphTests;
			sourceTree = "<group>";
		};
		7700D0FE18AF1DB60017003A /* Supporting Files */ = {
			isa = PBXGroup;
			children = (
				7700D0FF18AF1DB60017003A /* IOSGraphTests-Info.plist */,
				7700D10018AF1DB60017003A /* InfoPlist.strings */,
			);
			name = "Supporting Files";
			sourceTree = "<group>";
		};
		7700D16618AF4E610017003A /* iOS */ = {
			isa = PBXGroup;
			children = (
				7700D16718AF4E610017003A /* CorePlotHeaders */,
				7700D1B618AF4E610017003A /* libCorePlot-CocoaTouch.a */,
			);
			path = iOS;
			sourceTree = "<group>";
		};
		7700D16718AF4E610017003A /* CorePlotHeaders */ = {
			isa = PBXGroup;
			children = (
				7700D16818AF4E610017003A /* CorePlot-CocoaTouch.h */,
				7700D16918AF4E610017003A /* CPTAnimation.h */,
				7700D16A18AF4E610017003A /* CPTAnimationOperation.h */,
				7700D16B18AF4E610017003A /* CPTAnimationPeriod.h */,
				7700D16C18AF4E610017003A /* CPTAnnotation.h */,
				7700D16D18AF4E610017003A /* CPTAnnotationHostLayer.h */,
				7700D16E18AF4E610017003A /* CPTAxis.h */,
				7700D16F18AF4E610017003A /* CPTAxisLabel.h */,
				7700D17018AF4E610017003A /* CPTAxisLabelGroup.h */,
				7700D17118AF4E610017003A /* CPTAxisSet.h */,
				7700D17218AF4E610017003A /* CPTAxisTitle.h */,
				7700D17318AF4E610017003A /* CPTBarPlot.h */,
				7700D17418AF4E610017003A /* CPTBorderedLayer.h */,
				7700D17518AF4E610017003A /* CPTCalendarFormatter.h */,
				7700D17618AF4E610017003A /* CPTColor.h */,
				7700D17718AF4E610017003A /* CPTColorSpace.h */,
				7700D17818AF4E610017003A /* CPTConstraints.h */,
				7700D17918AF4E610017003A /* CPTDataSourceTestCase.h */,
				7700D17A18AF4E610017003A /* CPTDefinitions.h */,
				7700D17B18AF4E610017003A /* CPTDerivedXYGraph.h */,
				7700D17C18AF4E610017003A /* CPTExceptions.h */,
				7700D17D18AF4E610017003A /* CPTFill.h */,
				7700D17E18AF4E610017003A /* CPTFunctionDataSource.h */,
				7700D17F18AF4E610017003A /* CPTGradient.h */,
				7700D18018AF4E610017003A /* CPTGraph.h */,
				7700D18118AF4E610017003A /* CPTGraphHostingView.h */,
				7700D18218AF4E610017003A /* CPTGridLineGroup.h */,
				7700D18318AF4E610017003A /* CPTGridLines.h */,
				7700D18418AF4E610017003A /* CPTImage.h */,
				7700D18518AF4E610017003A /* CPTLayer.h */,
				7700D18618AF4E610017003A /* CPTLayerAnnotation.h */,
				7700D18718AF4E610017003A /* CPTLegend.h */,
				7700D18818AF4E610017003A /* CPTLegendEntry.h */,
				7700D18918AF4E610017003A /* CPTLimitBand.h */,
				7700D18A18AF4E610017003A /* CPTLineCap.h */,
				7700D18B18AF4E610017003A /* CPTLineStyle.h */,
				7700D18C18AF4E610017003A /* CPTMutableLineStyle.h */,
				7700D18D18AF4E610017003A /* CPTMutableNumericData+TypeConversion.h */,
				7700D18E18AF4E610017003A /* CPTMutableNumericData.h */,
				7700D18F18AF4E610017003A /* CPTMutablePlotRange.h */,
				7700D19018AF4E610017003A /* CPTMutableShadow.h */,
				7700D19118AF4E610017003A /* CPTMutableTextStyle.h */,
				7700D19218AF4E610017003A /* CPTNumericData+TypeConversion.h */,
				7700D19318AF4E610017003A /* CPTNumericData.h */,
				7700D19418AF4E610017003A /* CPTNumericDataType.h */,
				7700D19518AF4E610017003A /* CPTPathExtensions.h */,
				7700D19618AF4E610017003A /* CPTPieChart.h */,
				7700D19718AF4E610017003A /* CPTPlatformSpecificCategories.h */,
				7700D19818AF4E610017003A /* CPTPlatformSpecificDefines.h */,
				7700D19918AF4E610017003A /* CPTPlatformSpecificFunctions.h */,
				7700D19A18AF4E610017003A /* CPTPlot.h */,
				7700D19B18AF4E610017003A /* CPTPlotArea.h */,
				7700D19C18AF4E610017003A /* CPTPlotAreaFrame.h */,
				7700D19D18AF4E610017003A /* CPTPlotGroup.h */,
				7700D19E18AF4E610017003A /* CPTPlotRange.h */,
				7700D19F18AF4E610017003A /* CPTPlotSpace.h */,
				7700D1A018AF4E610017003A /* CPTPlotSpaceAnnotation.h */,
				7700D1A118AF4E610017003A /* CPTPlotSymbol.h */,
				7700D1A218AF4E610017003A /* CPTRangePlot.h */,
				7700D1A318AF4E610017003A /* CPTResponder.h */,
				7700D1A418AF4E610017003A /* CPTScatterPlot.h */,
				7700D1A518AF4E610017003A /* CPTShadow.h */,
				7700D1A618AF4E610017003A /* CPTTestCase.h */,
				7700D1A718AF4E610017003A /* CPTTextLayer.h */,
				7700D1A818AF4E610017003A /* CPTTextStyle.h */,
				7700D1A918AF4E610017003A /* CPTTextStylePlatformSpecific.h */,
				7700D1AA18AF4E610017003A /* CPTTheme.h */,
				7700D1AB18AF4E610017003A /* CPTTimeFormatter.h */,
				7700D1AC18AF4E610017003A /* CPTTradingRangePlot.h */,
				7700D1AD18AF4E610017003A /* CPTUtilities.h */,
				7700D1AE18AF4E610017003A /* CPTXYAxis.h */,
				7700D1AF18AF4E610017003A /* CPTXYAxisSet.h */,
				7700D1B018AF4E610017003A /* CPTXYGraph.h */,
				7700D1B118AF4E610017003A /* CPTXYPlotSpace.h */,
				7700D1B218AF4E610017003A /* mainpage.h */,
				7700D1B318AF4E610017003A /* NSCoderExtensions.h */,
				7700D1B418AF4E610017003A /* NSDecimalNumberExtensions.h */,
				7700D1B518AF4E610017003A /* NSNumberExtensions.h */,
			);
			path = CorePlotHeaders;
			sourceTree = "<group>";
		};
/* End PBXGroup section */

/* Begin PBXNativeTarget section */
		7700D0D418AF1DB50017003A /* IOSGraph */ = {
			isa = PBXNativeTarget;
			buildConfigurationList = 7700D10718AF1DB60017003A /* Build configuration list for PBXNativeTarget "IOSGraph" */;
			buildPhases = (
				7700D0D118AF1DB50017003A /* Sources */,
				7700D0D218AF1DB50017003A /* Frameworks */,
				7700D0D318AF1DB50017003A /* Resources */,
			);
			buildRules = (
			);
			dependencies = (
			);
			name = IOSGraph;
			productName = IOSGraph;
			productReference = 7700D0D518AF1DB50017003A /* IOSGraph.app */;
			productType = "com.apple.product-type.application";
		};
		7700D0F518AF1DB60017003A /* IOSGraphTests */ = {
			isa = PBXNativeTarget;
			buildConfigurationList = 7700D10A18AF1DB60017003A /* Build configuration list for PBXNativeTarget "IOSGraphTests" */;
			buildPhases = (
				7700D0F218AF1DB60017003A /* Sources */,
				7700D0F318AF1DB60017003A /* Frameworks */,
				7700D0F418AF1DB60017003A /* Resources */,
			);
			buildRules = (
			);
			dependencies = (
				7700D0FC18AF1DB60017003A /* PBXTargetDependency */,
			);
			name = IOSGraphTests;
			productName = IOSGraphTests;
			productReference = 7700D0F618AF1DB60017003A /* IOSGraphTests.xctest */;
			productType = "com.apple.product-type.bundle.unit-test";
		};
/* End PBXNativeTarget section */

/* Begin PBXProject section */
		7700D0CD18AF1DB50017003A /* Project object */ = {
			isa = PBXProject;
			attributes = {
				LastUpgradeCheck = 0500;
				ORGANIZATIONNAME = "vilayouth vongsomxai";
				TargetAttributes = {
					7700D0F518AF1DB60017003A = {
						TestTargetID = 7700D0D418AF1DB50017003A;
					};
				};
			};
			buildConfigurationList = 7700D0D018AF1DB50017003A /* Build configuration list for PBXProject "IOSGraph" */;
			compatibilityVersion = "Xcode 3.2";
			developmentRegion = English;
			hasScannedForEncodings = 0;
			knownRegions = (
				en,
				Base,
			);
			mainGroup = 7700D0CC18AF1DB50017003A;
			productRefGroup = 7700D0D618AF1DB50017003A /* Products */;
			projectDirPath = "";
			projectRoot = "";
			targets = (
				7700D0D418AF1DB50017003A /* IOSGraph */,
				7700D0F518AF1DB60017003A /* IOSGraphTests */,
			);
		};
/* End PBXProject section */

/* Begin PBXResourcesBuildPhase section */
		7700D0D318AF1DB50017003A /* Resources */ = {
			isa = PBXResourcesBuildPhase;
			buildActionMask = 2147483647;
			files = (
				7700D0F118AF1DB60017003A /* Images.xcassets in Resources */,
				7700D0E318AF1DB60017003A /* InfoPlist.strings in Resources */,
				7700D0EC18AF1DB60017003A /* Main.storyboard in Resources */,
			);
			runOnlyForDeploymentPostprocessing = 0;
		};
		7700D0F418AF1DB60017003A /* Resources */ = {
			isa = PBXResourcesBuildPhase;
			buildActionMask = 2147483647;
			files = (
				7700D10218AF1DB60017003A /* InfoPlist.strings in Resources */,
			);
			runOnlyForDeploymentPostprocessing = 0;
		};
/* End PBXResourcesBuildPhase section */

/* Begin PBXSourcesBuildPhase section */
		7700D0D118AF1DB50017003A /* Sources */ = {
			isa = PBXSourcesBuildPhase;
			buildActionMask = 2147483647;
			files = (
				7700D1BE18B076360017003A /* Graph.m in Sources */,
				7700D0EF18AF1DB60017003A /* ViewController.m in Sources */,
				7700D1C118B0B1160017003A /* LineScatter.m in Sources */,
				77DE32EA18C43444002D07B7 /* PieChart.m in Sources */,
				7700D0E918AF1DB60017003A /* AppDelegate.m in Sources */,
				7700D10F18AF49700017003A /* ScatterPlotViewController.m in Sources */,
				7700D0E518AF1DB60017003A /* main.m in Sources */,
			);
			runOnlyForDeploymentPostprocessing = 0;
		};
		7700D0F218AF1DB60017003A /* Sources */ = {
			isa = PBXSourcesBuildPhase;
			buildActionMask = 2147483647;
			files = (
				7700D10418AF1DB60017003A /* IOSGraphTests.m in Sources */,
			);
			runOnlyForDeploymentPostprocessing = 0;
		};
/* End PBXSourcesBuildPhase section */

/* Begin PBXTargetDependency section */
		7700D0FC18AF1DB60017003A /* PBXTargetDependency */ = {
			isa = PBXTargetDependency;
			target = 7700D0D418AF1DB50017003A /* IOSGraph */;
			targetProxy = 7700D0FB18AF1DB60017003A /* PBXContainerItemProxy */;
		};
/* End PBXTargetDependency section */

/* Begin PBXVariantGroup section */
		7700D0E118AF1DB60017003A /* InfoPlist.strings */ = {
			isa = PBXVariantGroup;
			children = (
				7700D0E218AF1DB60017003A /* en */,
			);
			name = InfoPlist.strings;
			sourceTree = "<group>";
		};
		7700D0EA18AF1DB60017003A /* Main.storyboard */ = {
			isa = PBXVariantGroup;
			children = (
				7700D0EB18AF1DB60017003A /* Base */,
			);
			name = Main.storyboard;
			sourceTree = "<group>";
		};
		7700D10018AF1DB60017003A /* InfoPlist.strings */ = {
			isa = PBXVariantGroup;
			children = (
				7700D10118AF1DB60017003A /* en */,
			);
			name = InfoPlist.strings;
			sourceTree = "<group>";
		};
/* End PBXVariantGroup section */

/* Begin XCBuildConfiguration section */
		7700D10518AF1DB60017003A /* Debug */ = {
			isa = XCBuildConfiguration;
			buildSettings = {
				ALWAYS_SEARCH_USER_PATHS = NO;
				ARCHS = "$(ARCHS_STANDARD_INCLUDING_64_BIT)";
				CLANG_CXX_LANGUAGE_STANDARD = "gnu++0x";
				CLANG_CXX_LIBRARY = "libc++";
				CLANG_ENABLE_MODULES = YES;
				CLANG_ENABLE_OBJC_ARC = YES;
				CLANG_WARN_BOOL_CONVERSION = YES;
				CLANG_WARN_CONSTANT_CONVERSION = YES;
				CLANG_WARN_DIRECT_OBJC_ISA_USAGE = YES_ERROR;
				CLANG_WARN_EMPTY_BODY = YES;
				CLANG_WARN_ENUM_CONVERSION = YES;
				CLANG_WARN_INT_CONVERSION = YES;
				CLANG_WARN_OBJC_ROOT_CLASS = YES_ERROR;
				CLANG_WARN__DUPLICATE_METHOD_MATCH = YES;
				"CODE_SIGN_IDENTITY[sdk=iphoneos*]" = "iPhone Developer";
				COPY_PHASE_STRIP = NO;
				GCC_C_LANGUAGE_STANDARD = gnu99;
				GCC_DYNAMIC_NO_PIC = NO;
				GCC_OPTIMIZATION_LEVEL = 0;
				GCC_PREPROCESSOR_DEFINITIONS = (
					"DEBUG=1",
					"$(inherited)",
				);
				GCC_SYMBOLS_PRIVATE_EXTERN = NO;
				GCC_WARN_64_TO_32_BIT_CONVERSION = YES;
				GCC_WARN_ABOUT_RETURN_TYPE = YES_ERROR;
				GCC_WARN_UNDECLARED_SELECTOR = YES;
				GCC_WARN_UNINITIALIZED_AUTOS = YES;
				GCC_WARN_UNUSED_FUNCTION = YES;
				GCC_WARN_UNUSED_VARIABLE = YES;
				IPHONEOS_DEPLOYMENT_TARGET = 7.0;
				ONLY_ACTIVE_ARCH = YES;
				SDKROOT = iphoneos;
			};
			name = Debug;
		};
		7700D10618AF1DB60017003A /* Release */ = {
			isa = XCBuildConfiguration;
			buildSettings = {
				ALWAYS_SEARCH_USER_PATHS = NO;
				ARCHS = "$(ARCHS_STANDARD_INCLUDING_64_BIT)";
				CLANG_CXX_LANGUAGE_STANDARD = "gnu++0x";
				CLANG_CXX_LIBRARY = "libc++";
				CLANG_ENABLE_MODULES = YES;
				CLANG_ENABLE_OBJC_ARC = YES;
				CLANG_WARN_BOOL_CONVERSION = YES;
				CLANG_WARN_CONSTANT_CONVERSION = YES;
				CLANG_WARN_DIRECT_OBJC_ISA_USAGE = YES_ERROR;
				CLANG_WARN_EMPTY_BODY = YES;
				CLANG_WARN_ENUM_CONVERSION = YES;
				CLANG_WARN_INT_CONVERSION = YES;
				CLANG_WARN_OBJC_ROOT_CLASS = YES_ERROR;
				CLANG_WARN__DUPLICATE_METHOD_MATCH = YES;
				"CODE_SIGN_IDENTITY[sdk=iphoneos*]" = "iPhone Developer";
				COPY_PHASE_STRIP = YES;
				ENABLE_NS_ASSERTIONS = NO;
				GCC_C_LANGUAGE_STANDARD = gnu99;
				GCC_WARN_64_TO_32_BIT_CONVERSION = YES;
				GCC_WARN_ABOUT_RETURN_TYPE = YES_ERROR;
				GCC_WARN_UNDECLARED_SELECTOR = YES;
				GCC_WARN_UNINITIALIZED_AUTOS = YES;
				GCC_WARN_UNUSED_FUNCTION = YES;
				GCC_WARN_UNUSED_VARIABLE = YES;
				IPHONEOS_DEPLOYMENT_TARGET = 7.0;
				SDKROOT = iphoneos;
				VALIDATE_PRODUCT = YES;
			};
			name = Release;
		};
		7700D10818AF1DB60017003A /* Debug */ = {
			isa = XCBuildConfiguration;
			buildSettings = {
				ASSETCATALOG_COMPILER_APPICON_NAME = AppIcon;
				ASSETCATALOG_COMPILER_LAUNCHIMAGE_NAME = LaunchImage;
				GCC_PRECOMPILE_PREFIX_HEADER = YES;
				GCC_PREFIX_HEADER = "IOSGraph/IOSGraph-Prefix.pch";
				INFOPLIST_FILE = "IOSGraph/IOSGraph-Info.plist";
				LIBRARY_SEARCH_PATHS = (
					"$(inherited)",
					"$(SRCROOT)/IOSGraph/iOS",
				);
				OTHER_LDFLAGS = (
					"-ObjC",
					"-all_load",
				);
				PRODUCT_NAME = "$(TARGET_NAME)";
				WRAPPER_EXTENSION = app;
			};
			name = Debug;
		};
		7700D10918AF1DB60017003A /* Release */ = {
			isa = XCBuildConfiguration;
			buildSettings = {
				ASSETCATALOG_COMPILER_APPICON_NAME = AppIcon;
				ASSETCATALOG_COMPILER_LAUNCHIMAGE_NAME = LaunchImage;
				GCC_PRECOMPILE_PREFIX_HEADER = YES;
				GCC_PREFIX_HEADER = "IOSGraph/IOSGraph-Prefix.pch";
				INFOPLIST_FILE = "IOSGraph/IOSGraph-Info.plist";
				LIBRARY_SEARCH_PATHS = (
					"$(inherited)",
					"$(SRCROOT)/IOSGraph/iOS",
				);
				OTHER_LDFLAGS = (
					"-ObjC",
					"-all_load",
				);
				PRODUCT_NAME = "$(TARGET_NAME)";
				WRAPPER_EXTENSION = app;
			};
			name = Release;
		};
		7700D10B18AF1DB60017003A /* Debug */ = {
			isa = XCBuildConfiguration;
			buildSettings = {
				ARCHS = "$(ARCHS_STANDARD_INCLUDING_64_BIT)";
				BUNDLE_LOADER = "$(BUILT_PRODUCTS_DIR)/IOSGraph.app/IOSGraph";
				FRAMEWORK_SEARCH_PATHS = (
					"$(SDKROOT)/Developer/Library/Frameworks",
					"$(inherited)",
					"$(DEVELOPER_FRAMEWORKS_DIR)",
				);
				GCC_PRECOMPILE_PREFIX_HEADER = YES;
				GCC_PREFIX_HEADER = "IOSGraph/IOSGraph-Prefix.pch";
				GCC_PREPROCESSOR_DEFINITIONS = (
					"DEBUG=1",
					"$(inherited)",
				);
				INFOPLIST_FILE = "IOSGraphTests/IOSGraphTests-Info.plist";
				PRODUCT_NAME = "$(TARGET_NAME)";
				TEST_HOST = "$(BUNDLE_LOADER)";
				WRAPPER_EXTENSION = xctest;
			};
			name = Debug;
		};
		7700D10C18AF1DB60017003A /* Release */ = {
			isa = XCBuildConfiguration;
			buildSettings = {
				ARCHS = "$(ARCHS_STANDARD_INCLUDING_64_BIT)";
				BUNDLE_LOADER = "$(BUILT_PRODUCTS_DIR)/IOSGraph.app/IOSGraph";
				FRAMEWORK_SEARCH_PATHS = (
					"$(SDKROOT)/Developer/Library/Frameworks",
					"$(inherited)",
					"$(DEVELOPER_FRAMEWORKS_DIR)",
				);
				GCC_PRECOMPILE_PREFIX_HEADER = YES;
				GCC_PREFIX_HEADER = "IOSGraph/IOSGraph-Prefix.pch";
				INFOPLIST_FILE = "IOSGraphTests/IOSGraphTests-Info.plist";
				PRODUCT_NAME = "$(TARGET_NAME)";
				TEST_HOST = "$(BUNDLE_LOADER)";
				WRAPPER_EXTENSION = xctest;
			};
			name = Release;
		};
/* End XCBuildConfiguration section */

/* Begin XCConfigurationList section */
		7700D0D018AF1DB50017003A /* Build configuration list for PBXProject "IOSGraph" */ = {
			isa = XCConfigurationList;
			buildConfigurations = (
				7700D10518AF1DB60017003A /* Debug */,
				7700D10618AF1DB60017003A /* Release */,
			);
			defaultConfigurationIsVisible = 0;
			defaultConfigurationName = Release;
		};
		7700D10718AF1DB60017003A /* Build configuration list for PBXNativeTarget "IOSGraph" */ = {
			isa = XCConfigurationList;
			buildConfigurations = (
				7700D10818AF1DB60017003A /* Debug */,
				7700D10918AF1DB60017003A /* Release */,
			);
			defaultConfigurationIsVisible = 0;
			defaultConfigurationName = Release;
		};
		7700D10A18AF1DB60017003A /* Build configuration list for PBXNativeTarget "IOSGraphTests" */ = {
			isa = XCConfigurationList;
			buildConfigurations = (
				7700D10B18AF1DB60017003A /* Debug */,
				7700D10C18AF1DB60017003A /* Release */,
			);
			defaultConfigurationIsVisible = 0;
			defaultConfigurationName = Release;
		};
/* End XCConfigurationList section */
	};
	rootObject = 7700D0CD18AF1DB50017003A /* Project object */;
}
